{
  "name": "ProRecorder",
  "version": "0.0.1",
  "lockfileVersion": 1,
  "requires": true,
  "dependencies": {
    "@types/prop-types": {
      "version": "15.5.5",
      "resolved": "http://192.168.0.9/@types%2fprop-types/-/prop-types-15.5.5.tgz",
      "integrity": "sha1-FwON0yLCMl9dplCpTV+ZdJQ2JeM=",
      "dev": true,
      "requires": {
        "@types/react": "16.4.10"
      }
    },
    "@types/react": {
      "version": "16.4.10",
      "resolved": "http://192.168.0.9/@types%2freact/-/react-16.4.10.tgz",
      "integrity": "sha1-+1dwkQNLJagfgpkj59OCWPQ+MWU=",
      "dev": true,
      "requires": {
        "@types/prop-types": "15.5.5",
        "csstype": "2.5.6"
      }
    },
    "@types/react-redux": {
      "version": "5.0.21",
      "resolved": "http://192.168.0.9/@types%2freact-redux/-/react-redux-5.0.21.tgz",
      "integrity": "sha1-mKOjcd/CLIlIifZg11FXF2OdIPQ=",
      "dev": true,
      "requires": {
        "@types/react": "16.4.10",
        "redux": "3.7.2"
      },
      "dependencies": {
        "lodash": {
          "version": "4.17.10",
          "resolved": "http://192.168.0.9/lodash/-/lodash-4.17.10.tgz",
          "integrity": "sha1-G3eTz3JZ6jj7NmHU04syYK+K5Oc=",
          "dev": true
        },
        "redux": {
          "version": "3.7.2",
          "resolved": "http://192.168.0.9/redux/-/redux-3.7.2.tgz",
          "integrity": "sha1-BrcxIyFZAdJdBlvjQusCa8HIU3s=",
          "dev": true,
          "requires": {
            "lodash": "4.17.10",
            "lodash-es": "4.17.10",
            "loose-envify": "1.4.0",
            "symbol-observable": "1.2.0"
          }
        }
      }
    },
    "csstype": {
      "version": "2.5.6",
      "resolved": "http://192.168.0.9/csstype/-/csstype-2.5.6.tgz",
      "integrity": "sha1-KuHbIxlkLYuApmjS0CXGGWBx54g=",
      "dev": true
    },
    "js-tokens": {
      "version": "4.0.0",
      "resolved": "http://192.168.0.9/js-tokens/-/js-tokens-4.0.0.tgz",
      "integrity": "sha1-GSA/tZmR35jjoocFDUZHzerzJJk=",
      "dev": true
    },
    "lodash-es": {
      "version": "4.17.10",
      "resolved": "http://192.168.0.9/lodash-es/-/lodash-es-4.17.10.tgz",
      "integrity": "sha1-Ys1xBM313YfyNag38O3g6OURfgU=",
      "dev": true
    },
    "loose-envify": {
      "version": "1.4.0",
      "resolved": "http://192.168.0.9/loose-envify/-/loose-envify-1.4.0.tgz",
      "integrity": "sha1-ce5R+nvkyuwaY4OffmgtgTLTDK8=",
      "dev": true,
      "requires": {
        "js-tokens": "4.0.0"
      }
    },
    "symbol-observable": {
      "version": "1.2.0",
      "resolved": "http://192.168.0.9/symbol-observable/-/symbol-observable-1.2.0.tgz",
      "integrity": "sha1-wiaIrtTqs83C3+rLtWFmBWCgCAQ=",
      "dev": true
    }
  }
}
